
Microsoft Visual Studio Solution File, Format Version 12.00
# Visual Studio 15
VisualStudioVersion = 15.0.28010.2016
MinimumVisualStudioVersion = 10.0.40219.1
Project("{FAE04EC0-301F-11D3-BF4B-00C04F79EFBC}") = "glm.net", "glm.net\glm.net.csproj", "{3C5E3C3A-DB59-4DBC-A195-0427350ECB1C}"
EndProject
Project("{FAE04EC0-301F-11D3-BF4B-00C04F79EFBC}") = "UnitTests", "UnitTests\UnitTests.csproj", "{B36FA440-731F-44AB-92E4-781A5B187C13}"
EndProject
Project("{FAE04EC0-301F-11D3-BF4B-00C04F79EFBC}") = "RandomTests", "RandomTests\RandomTests.csproj", "{736C382F-8D84-4D57-8AD2-37C254825826}"
EndProject
Global
	GlobalSection(SolutionConfigurationPlatforms) = preSolution
		Debug|Any CPU = Debug|Any CPU
		Debug|Mixed Platforms = Debug|Mixed Platforms
		Debug|Win32 = Debug|Win32
		Release|Any CPU = Release|Any CPU
		Release|Mixed Platforms = Release|Mixed Platforms
		Release|Win32 = Release|Win32
	EndGlobalSection
	GlobalSection(ProjectConfigurationPlatforms) = postSolution
		{3C5E3C3A-DB59-4DBC-A195-0427350ECB1C}.Debug|Any CPU.ActiveCfg = Debug|Any CPU
		{3C5E3C3A-DB59-4DBC-A195-0427350ECB1C}.Debug|Any CPU.Build.0 = Debug|Any CPU
		{3C5E3C3A-DB59-4DBC-A195-0427350ECB1C}.Debug|Mixed Platforms.ActiveCfg = Debug|Any CPU
		{3C5E3C3A-DB59-4DBC-A195-0427350ECB1C}.Debug|Mixed Platforms.Build.0 = Debug|Any CPU
		{3C5E3C3A-DB59-4DBC-A195-0427350ECB1C}.Debug|Win32.ActiveCfg = Debug|Any CPU
		{3C5E3C3A-DB59-4DBC-A195-0427350ECB1C}.Release|Any CPU.ActiveCfg = Release|Any CPU
		{3C5E3C3A-DB59-4DBC-A195-0427350ECB1C}.Release|Any CPU.Build.0 = Release|Any CPU
		{3C5E3C3A-DB59-4DBC-A195-0427350ECB1C}.Release|Mixed Platforms.ActiveCfg = Release|Any CPU
		{3C5E3C3A-DB59-4DBC-A195-0427350ECB1C}.Release|Mixed Platforms.Build.0 = Release|Any CPU
		{3C5E3C3A-DB59-4DBC-A195-0427350ECB1C}.Release|Win32.ActiveCfg = Release|Any CPU
		{B36FA440-731F-44AB-92E4-781A5B187C13}.Debug|Any CPU.ActiveCfg = Debug|Any CPU
		{B36FA440-731F-44AB-92E4-781A5B187C13}.Debug|Any CPU.Build.0 = Debug|Any CPU
		{B36FA440-731F-44AB-92E4-781A5B187C13}.Debug|Mixed Platforms.ActiveCfg = Debug|Any CPU
		{B36FA440-731F-44AB-92E4-781A5B187C13}.Debug|Mixed Platforms.Build.0 = Debug|Any CPU
		{B36FA440-731F-44AB-92E4-781A5B187C13}.Debug|Win32.ActiveCfg = Debug|Any CPU
		{B36FA440-731F-44AB-92E4-781A5B187C13}.Release|Any CPU.ActiveCfg = Release|Any CPU
		{B36FA440-731F-44AB-92E4-781A5B187C13}.Release|Any CPU.Build.0 = Release|Any CPU
		{B36FA440-731F-44AB-92E4-781A5B187C13}.Release|Mixed Platforms.ActiveCfg = Release|Any CPU
		{B36FA440-731F-44AB-92E4-781A5B187C13}.Release|Mixed Platforms.Build.0 = Release|Any CPU
		{B36FA440-731F-44AB-92E4-781A5B187C13}.Release|Win32.ActiveCfg = Release|Any CPU
		{736C382F-8D84-4D57-8AD2-37C254825826}.Debug|Any CPU.ActiveCfg = Debug|Any CPU
		{736C382F-8D84-4D57-8AD2-37C254825826}.Debug|Any CPU.Build.0 = Debug|Any CPU
		{736C382F-8D84-4D57-8AD2-37C254825826}.Debug|Mixed Platforms.ActiveCfg = Debug|Any CPU
		{736C382F-8D84-4D57-8AD2-37C254825826}.Debug|Mixed Platforms.Build.0 = Debug|Any CPU
		{736C382F-8D84-4D57-8AD2-37C254825826}.Debug|Win32.ActiveCfg = Debug|Any CPU
		{736C382F-8D84-4D57-8AD2-37C254825826}.Debug|Win32.Build.0 = Debug|Any CPU
		{736C382F-8D84-4D57-8AD2-37C254825826}.Release|Any CPU.ActiveCfg = Release|Any CPU
		{736C382F-8D84-4D57-8AD2-37C254825826}.Release|Any CPU.Build.0 = Release|Any CPU
		{736C382F-8D84-4D57-8AD2-37C254825826}.Release|Mixed Platforms.ActiveCfg = Release|Any CPU
		{736C382F-8D84-4D57-8AD2-37C254825826}.Release|Mixed Platforms.Build.0 = Release|Any CPU
		{736C382F-8D84-4D57-8AD2-37C254825826}.Release|Win32.ActiveCfg = Release|Any CPU
		{736C382F-8D84-4D57-8AD2-37C254825826}.Release|Win32.Build.0 = Release|Any CPU
	EndGlobalSection
	GlobalSection(SolutionProperties) = preSolution
		HideSolutionNode = FALSE
	EndGlobalSection
	GlobalSection(ExtensibilityGlobals) = postSolution
		SolutionGuid = {30E8B65C-041E-4003-98FA-FBA827C764ED}
	EndGlobalSection
EndGlobal
